
Microsoft Visual Studio Solution File, Format Version 12.00
# Visual Studio Version 17
VisualStudioVersion = 17.3.32929.385
MinimumVisualStudioVersion = 10.0.40219.1
Project("{FAE04EC0-301F-11D3-BF4B-00C04F79EFBC}") = "LinkedListUC3", "LinkedListUC3\LinkedListUC3.csproj", "{F306802E-9120-40F5-B875-80F0D0BAF84E}"
EndProject
Global
	GlobalSection(SolutionConfigurationPlatforms) = preSolution
		Debug|Any CPU = Debug|Any CPU
		Release|Any CPU = Release|Any CPU
	EndGlobalSection
	GlobalSection(ProjectConfigurationPlatforms) = postSolution
		{F306802E-9120-40F5-B875-80F0D0BAF84E}.Debug|Any CPU.ActiveCfg = Debug|Any CPU
		{F306802E-9120-40F5-B875-80F0D0BAF84E}.Debug|Any CPU.Build.0 = Debug|Any CPU
		{F306802E-9120-40F5-B875-80F0D0BAF84E}.Release|Any CPU.ActiveCfg = Release|Any CPU
		{F306802E-9120-40F5-B875-80F0D0BAF84E}.Release|Any CPU.Build.0 = Release|Any CPU
	EndGlobalSection
	GlobalSection(SolutionProperties) = preSolution
		HideSolutionNode = FALSE
	EndGlobalSection
	GlobalSection(ExtensibilityGlobals) = postSolution
		SolutionGuid = {79125E51-1B73-48F6-89C1-E3176D3FC617}
	EndGlobalSection
EndGlobal
